// !$*UTF8*$!
{
	archiveVersion = 1;
	classes = {
	};
	objectVersion = 77;
	objects = {

/* Begin PBXBuildFile section */
		052596512D8C618F002BAAE1 /* README.md in Resources */ = {isa = PBXBuildFile; fileRef = 052596502D8C6187002BAAE1 /* README.md */; };
/* End PBXBuildFile section */

/* Begin PBXContainerItemProxy section */
		05DA6F842D8841D10072FD5C /* PBXContainerItemProxy */ = {
			isa = PBXContainerItemProxy;
			containerPortal = 05DA6F692D8841D00072FD5C /* Project object */;
			proxyType = 1;
			remoteGlobalIDString = 05DA6F702D8841D00072FD5C;
			remoteInfo = WordApp;
		};
		05DA6F8E2D8841D10072FD5C /* PBXContainerItemProxy */ = {
			isa = PBXContainerItemProxy;
			containerPortal = 05DA6F692D8841D00072FD5C /* Project object */;
			proxyType = 1;
			remoteGlobalIDString = 05DA6F702D8841D00072FD5C;
			remoteInfo = WordApp;
		};
/* End PBXContainerItemProxy section */

/* Begin PBXFileReference section */
		052596502D8C6187002BAAE1 /* README.md */ = {isa = PBXFileReference; lastKnownFileType = net.daringfireball.markdown; path = README.md; sourceTree = "<group>"; };
		05DA6F712D8841D00072FD5C /* WordApp.app */ = {isa = PBXFileReference; explicitFileType = wrapper.application; includeInIndex = 0; path = WordApp.app; sourceTree = BUILT_PRODUCTS_DIR; };
		05DA6F832D8841D10072FD5C /* WordAppTests.xctest */ = {isa = PBXFileReference; explicitFileType = wrapper.cfbundle; includeInIndex = 0; path = WordAppTests.xctest; sourceTree = BUILT_PRODUCTS_DIR; };
		05DA6F8D2D8841D10072FD5C /* WordAppUITests.xctest */ = {isa = PBXFileReference; explicitFileType = wrapper.cfbundle; includeInIndex = 0; path = WordAppUITests.xctest; sourceTree = BUILT_PRODUCTS_DIR; };
/* End PBXFileReference section */

/* Begin PBXFileSystemSynchronizedRootGroup section */
		05DA6F732D8841D00072FD5C /* WordApp */ = {
			isa = PBXFileSystemSynchronizedRootGroup;
			path = WordApp;
			sourceTree = "<group>";
		};
		05DA6F862D8841D10072FD5C /* WordAppTests */ = {
			isa = PBXFileSystemSynchronizedRootGroup;
			path = WordAppTests;
			sourceTree = "<group>";
		};
		05DA6F902D8841D10072FD5C /* WordAppUITests */ = {
			isa = PBXFileSystemSynchronizedRootGroup;
			path = WordAppUITests;
			sourceTree = "<group>";
		};
/* End PBXFileSystemSynchronizedRootGroup section */

/* Begin PBXFrameworksBuildPhase section */
		05DA6F6E2D8841D00072FD5C /* Frameworks */ = {
			isa = PBXFrameworksBuildPhase;
			buildActionMask = 2147483647;
			files = (
			);
			runOnlyForDeploymentPostprocessing = 0;
		};
		05DA6F802D8841D10072FD5C /* Frameworks */ = {
			isa = PBXFrameworksBuildPhase;
			buildActionMask = 2147483647;
			files = (
			);
			runOnlyForDeploymentPostprocessing = 0;
		};
		05DA6F8A2D8841D10072FD5C /* Frameworks */ = {
			isa = PBXFrameworksBuildPhase;
			buildActionMask = 2147483647;
			files = (
			);
			runOnlyForDeploymentPostprocessing = 0;
		};
/* End PBXFrameworksBuildPhase section */

/* Begin PBXGroup section */
		05DA6F682D8841D00072FD5C = {
			isa = PBXGroup;
			children = (
				052596502D8C6187002BAAE1 /* README.md */,
				05DA6F732D8841D00072FD5C /* WordApp */,
				05DA6F862D8841D10072FD5C /* WordAppTests */,
				05DA6F902D8841D10072FD5C /* WordAppUITests */,
				05DA6F722D8841D00072FD5C /* Products */,
			);
			sourceTree = "<group>";
		};
		05DA6F722D8841D00072FD5C /* Products */ = {
			isa = PBXGroup;
			children = (
				05DA6F712D8841D00072FD5C /* WordApp.app */,
				05DA6F832D8841D10072FD5C /* WordAppTests.xctest */,
				05DA6F8D2D8841D10072FD5C /* WordAppUITests.xctest */,
			);
			name = Products;
			sourceTree = "<group>";
		};
/* End PBXGroup section */

/* Begin PBXNativeTarget section */
		05DA6F702D8841D00072FD5C /* WordApp */ = {
			isa = PBXNativeTarget;
			buildConfigurationList = 05DA6F972D8841D10072FD5C /* Build configuration list for PBXNativeTarget "WordApp" */;
			buildPhases = (
				05DA6F6D2D8841D00072FD5C /* Sources */,
				05DA6F6E2D8841D00072FD5C /* Frameworks */,
				05DA6F6F2D8841D00072FD5C /* Resources */,
			);
			buildRules = (
			);
			dependencies = (
			);
			fileSystemSynchronizedGroups = (
				05DA6F732D8841D00072FD5C /* WordApp */,
			);
			name = WordApp;
			packageProductDependencies = (
			);
			productName = WordApp;
			productReference = 05DA6F712D8841D00072FD5C /* WordApp.app */;
			productType = "com.apple.product-type.application";
		};
		05DA6F822D8841D10072FD5C /* WordAppTests */ = {
			isa = PBXNativeTarget;
			buildConfigurationList = 05DA6F9A2D8841D10072FD5C /* Build configuration list for PBXNativeTarget "WordAppTests" */;
			buildPhases = (
				05DA6F7F2D8841D10072FD5C /* Sources */,
				05DA6F802D8841D10072FD5C /* Frameworks */,
				05DA6F812D8841D10072FD5C /* Resources */,
			);
			buildRules = (
			);
			dependencies = (
				05DA6F852D8841D10072FD5C /* PBXTargetDependency */,
			);
			fileSystemSynchronizedGroups = (
				05DA6F862D8841D10072FD5C /* WordAppTests */,
			);
			name = WordAppTests;
			packageProductDependencies = (
			);
			productName = WordAppTests;
			productReference = 05DA6F832D8841D10072FD5C /* WordAppTests.xctest */;
			productType = "com.apple.product-type.bundle.unit-test";
		};
		05DA6F8C2D8841D10072FD5C /* WordAppUITests */ = {
			isa = PBXNativeTarget;
			buildConfigurationList = 05DA6F9D2D8841D10072FD5C /* Build configuration list for PBXNativeTarget "WordAppUITests" */;
			buildPhases = (
				05DA6F892D8841D10072FD5C /* Sources */,
				05DA6F8A2D8841D10072FD5C /* Frameworks */,
				05DA6F8B2D8841D10072FD5C /* Resources */,
			);
			buildRules = (
			);
			dependencies = (
				05DA6F8F2D8841D10072FD5C /* PBXTargetDependency */,
			);
			fileSystemSynchronizedGroups = (
				05DA6F902D8841D10072FD5C /* WordAppUITests */,
			);
			name = WordAppUITests;
			packageProductDependencies = (
			);
			productName = WordAppUITests;
			productReference = 05DA6F8D2D8841D10072FD5C /* WordAppUITests.xctest */;
			productType = "com.apple.product-type.bundle.ui-testing";
		};
/* End PBXNativeTarget section */

/* Begin PBXProject section */
		05DA6F692D8841D00072FD5C /* Project object */ = {
			isa = PBXProject;
			attributes = {
				BuildIndependentTargetsInParallel = 1;
				LastSwiftUpdateCheck = 1620;
				LastUpgradeCheck = 1620;
				TargetAttributes = {
					05DA6F702D8841D00072FD5C = {
						CreatedOnToolsVersion = 16.2;
					};
					05DA6F822D8841D10072FD5C = {
						CreatedOnToolsVersion = 16.2;
						TestTargetID = 05DA6F702D8841D00072FD5C;
					};
					05DA6F8C2D8841D10072FD5C = {
						CreatedOnToolsVersion = 16.2;
						TestTargetID = 05DA6F702D8841D00072FD5C;
					};
				};
			};
			buildConfigurationList = 05DA6F6C2D8841D00072FD5C /* Build configuration list for PBXProject "WordApp" */;
			developmentRegion = en;
			hasScannedForEncodings = 0;
			knownRegions = (
				en,
				Base,
			);
			mainGroup = 05DA6F682D8841D00072FD5C;
			minimizedProjectReferenceProxies = 1;
			preferredProjectObjectVersion = 77;
			productRefGroup = 05DA6F722D8841D00072FD5C /* Products */;
			projectDirPath = "";
			projectRoot = "";
			targets = (
				05DA6F702D8841D00072FD5C /* WordApp */,
				05DA6F822D8841D10072FD5C /* WordAppTests */,
				05DA6F8C2D8841D10072FD5C /* WordAppUITests */,
			);
		};
/* End PBXProject section */

/* Begin PBXResourcesBuildPhase section */
		05DA6F6F2D8841D00072FD5C /* Resources */ = {
			isa = PBXResourcesBuildPhase;
			buildActionMask = 2147483647;
			files = (
				052596512D8C618F002BAAE1 /* README.md in Resources */,
			);
			runOnlyForDeploymentPostprocessing = 0;
		};
		05DA6F812D8841D10072FD5C /* Resources */ = {
			isa = PBXResourcesBuildPhase;
			buildActionMask = 2147483647;
			files = (
			);
			runOnlyForDeploymentPostprocessing = 0;
		};
		05DA6F8B2D8841D10072FD5C /* Resources */ = {
			isa = PBXResourcesBuildPhase;
			buildActionMask = 2147483647;
			files = (
			);
			runOnlyForDeploymentPostprocessing = 0;
		};
/* End PBXResourcesBuildPhase section */

/* Begin PBXSourcesBuildPhase section */
		05DA6F6D2D8841D00072FD5C /* Sources */ = {
			isa = PBXSourcesBuildPhase;
			buildActionMask = 2147483647;
			files = (
			);
			runOnlyForDeploymentPostprocessing = 0;
		};
		05DA6F7F2D8841D10072FD5C /* Sources */ = {
			isa = PBXSourcesBuildPhase;
			buildActionMask = 2147483647;
			files = (
			);
			runOnlyForDeploymentPostprocessing = 0;
		};
		05DA6F892D8841D10072FD5C /* Sources */ = {
			isa = PBXSourcesBuildPhase;
			buildActionMask = 2147483647;
			files = (
			);
			runOnlyForDeploymentPostprocessing = 0;
		};
/* End PBXSourcesBuildPhase section */

/* Begin PBXTargetDependency section */
		05DA6F852D8841D10072FD5C /* PBXTargetDependency */ = {
			isa = PBXTargetDependency;
			target = 05DA6F702D8841D00072FD5C /* WordApp */;
			targetProxy = 05DA6F842D8841D10072FD5C /* PBXContainerItemProxy */;
		};
		05DA6F8F2D8841D10072FD5C /* PBXTargetDependency */ = {
			isa = PBXTargetDependency;
			target = 05DA6F702D8841D00072FD5C /* WordApp */;
			targetProxy = 05DA6F8E2D8841D10072FD5C /* PBXContainerItemProxy */;
		};
/* End PBXTargetDependency section */

/* Begin XCBuildConfiguration section */
		05DA6F952D8841D10072FD5C /* Debug */ = {
			isa = XCBuildConfiguration;
			buildSettings = {
				ALWAYS_SEARCH_USER_PATHS = NO;
				ASSETCATALOG_COMPILER_GENERATE_SWIFT_ASSET_SYMBOL_EXTENSIONS = YES;
				CLANG_ANALYZER_NONNULL = YES;
				CLANG_ANALYZER_NUMBER_OBJECT_CONVERSION = YES_AGGRESSIVE;
				CLANG_CXX_LANGUAGE_STANDARD = "gnu++20";
				CLANG_ENABLE_MODULES = YES;
				CLANG_ENABLE_OBJC_ARC = YES;
				CLANG_ENABLE_OBJC_WEAK = YES;
				CLANG_WARN_BLOCK_CAPTURE_AUTORELEASING = YES;
				CLANG_WARN_BOOL_CONVERSION = YES;
				CLANG_WARN_COMMA = YES;
				CLANG_WARN_CONSTANT_CONVERSION = YES;
				CLANG_WARN_DEPRECATED_OBJC_IMPLEMENTATIONS = YES;
				CLANG_WARN_DIRECT_OBJC_ISA_USAGE = YES_ERROR;
				CLANG_WARN_DOCUMENTATION_COMMENTS = YES;
				CLANG_WARN_EMPTY_BODY = YES;
				CLANG_WARN_ENUM_CONVERSION = YES;
				CLANG_WARN_INFINITE_RECURSION = YES;
				CLANG_WARN_INT_CONVERSION = YES;
				CLANG_WARN_NON_LITERAL_NULL_CONVERSION = YES;
				CLANG_WARN_OBJC_IMPLICIT_RETAIN_SELF = YES;
				CLANG_WARN_OBJC_LITERAL_CONVERSION = YES;
				CLANG_WARN_OBJC_ROOT_CLASS = YES_ERROR;
				CLANG_WARN_QUOTED_INCLUDE_IN_FRAMEWORK_HEADER = YES;
				CLANG_WARN_RANGE_LOOP_ANALYSIS = YES;
				CLANG_WARN_STRICT_PROTOTYPES = YES;
				CLANG_WARN_SUSPICIOUS_MOVE = YES;
				CLANG_WARN_UNGUARDED_AVAILABILITY = YES_AGGRESSIVE;
				CLANG_WARN_UNREACHABLE_CODE = YES;
				CLANG_WARN__DUPLICATE_METHOD_MATCH = YES;
				COPY_PHASE_STRIP = NO;
				DEBUG_INFORMATION_FORMAT = dwarf;
				ENABLE_STRICT_OBJC_MSGSEND = YES;
				ENABLE_TESTABILITY = YES;
				ENABLE_USER_SCRIPT_SANDBOXING = YES;
				GCC_C_LANGUAGE_STANDARD = gnu17;
				GCC_DYNAMIC_NO_PIC = NO;
				GCC_NO_COMMON_BLOCKS = YES;
				GCC_OPTIMIZATION_LEVEL = 0;
				GCC_PREPROCESSOR_DEFINITIONS = (
					"DEBUG=1",
					"$(inherited)",
				);
				GCC_WARN_64_TO_32_BIT_CONVERSION = YES;
				GCC_WARN_ABOUT_RETURN_TYPE = YES_ERROR;
				GCC_WARN_UNDECLARED_SELECTOR = YES;
				GCC_WARN_UNINITIALIZED_AUTOS = YES_AGGRESSIVE;
				GCC_WARN_UNUSED_FUNCTION = YES;
				GCC_WARN_UNUSED_VARIABLE = YES;
				IPHONEOS_DEPLOYMENT_TARGET = 18.2;
				LOCALIZATION_PREFERS_STRING_CATALOGS = YES;
				MTL_ENABLE_DEBUG_INFO = INCLUDE_SOURCE;
				MTL_FAST_MATH = YES;
				ONLY_ACTIVE_ARCH = YES;
				SDKROOT = iphoneos;
				SWIFT_ACTIVE_COMPILATION_CONDITIONS = "DEBUG $(inherited)";
				SWIFT_OPTIMIZATION_LEVEL = "-Onone";
			};
			name = Debug;
		};
		05DA6F962D8841D10072FD5C /* Release */ = {
			isa = XCBuildConfiguration;
			buildSettings = {
				ALWAYS_SEARCH_USER_PATHS = NO;
				ASSETCATALOG_COMPILER_GENERATE_SWIFT_ASSET_SYMBOL_EXTENSIONS = YES;
				CLANG_ANALYZER_NONNULL = YES;
				CLANG_ANALYZER_NUMBER_OBJECT_CONVERSION = YES_AGGRESSIVE;
				CLANG_CXX_LANGUAGE_STANDARD = "gnu++20";
				CLANG_ENABLE_MODULES = YES;
				CLANG_ENABLE_OBJC_ARC = YES;
				CLANG_ENABLE_OBJC_WEAK = YES;
				CLANG_WARN_BLOCK_CAPTURE_AUTORELEASING = YES;
				CLANG_WARN_BOOL_CONVERSION = YES;
				CLANG_WARN_COMMA = YES;
				CLANG_WARN_CONSTANT_CONVERSION = YES;
				CLANG_WARN_DEPRECATED_OBJC_IMPLEMENTATIONS = YES;
				CLANG_WARN_DIRECT_OBJC_ISA_USAGE = YES_ERROR;
				CLANG_WARN_DOCUMENTATION_COMMENTS = YES;
				CLANG_WARN_EMPTY_BODY = YES;
				CLANG_WARN_ENUM_CONVERSION = YES;
				CLANG_WARN_INFINITE_RECURSION = YES;
				CLANG_WARN_INT_CONVERSION = YES;
				CLANG_WARN_NON_LITERAL_NULL_CONVERSION = YES;
				CLANG_WARN_OBJC_IMPLICIT_RETAIN_SELF = YES;
				CLANG_WARN_OBJC_LITERAL_CONVERSION = YES;
				CLANG_WARN_OBJC_ROOT_CLASS = YES_ERROR;
				CLANG_WARN_QUOTED_INCLUDE_IN_FRAMEWORK_HEADER = YES;
				CLANG_WARN_RANGE_LOOP_ANALYSIS = YES;
				CLANG_WARN_STRICT_PROTOTYPES = YES;
				CLANG_WARN_SUSPICIOUS_MOVE = YES;
				CLANG_WARN_UNGUARDED_AVAILABILITY = YES_AGGRESSIVE;
				CLANG_WARN_UNREACHABLE_CODE = YES;
				CLANG_WARN__DUPLICATE_METHOD_MATCH = YES;
				COPY_PHASE_STRIP = NO;
				DEBUG_INFORMATION_FORMAT = "dwarf-with-dsym";
				ENABLE_NS_ASSERTIONS = NO;
				ENABLE_STRICT_OBJC_MSGSEND = YES;
				ENABLE_USER_SCRIPT_SANDBOXING = YES;
				GCC_C_LANGUAGE_STANDARD = gnu17;
				GCC_NO_COMMON_BLOCKS = YES;
				GCC_WARN_64_TO_32_BIT_CONVERSION = YES;
				GCC_WARN_ABOUT_RETURN_TYPE = YES_ERROR;
				GCC_WARN_UNDECLARED_SELECTOR = YES;
				GCC_WARN_UNINITIALIZED_AUTOS = YES_AGGRESSIVE;
				GCC_WARN_UNUSED_FUNCTION = YES;
				GCC_WARN_UNUSED_VARIABLE = YES;
				IPHONEOS_DEPLOYMENT_TARGET = 18.2;
				LOCALIZATION_PREFERS_STRING_CATALOGS = YES;
				MTL_ENABLE_DEBUG_INFO = NO;
				MTL_FAST_MATH = YES;
				SDKROOT = iphoneos;
				SWIFT_COMPILATION_MODE = wholemodule;
				VALIDATE_PRODUCT = YES;
			};
			name = Release;
		};
		05DA6F982D8841D10072FD5C /* Debug */ = {
			isa = XCBuildConfiguration;
			buildSettings = {
				ASSETCATALOG_COMPILER_APPICON_NAME = AppIcon;
				ASSETCATALOG_COMPILER_GLOBAL_ACCENT_COLOR_NAME = AccentColor;
				CODE_SIGN_STYLE = Automatic;
				CURRENT_PROJECT_VERSION = 1;
				DEVELOPMENT_ASSET_PATHS = "\"WordApp/Preview Content\"";
				DEVELOPMENT_TEAM = Z699T95YH7;
				ENABLE_PREVIEWS = YES;
				GENERATE_INFOPLIST_FILE = YES;
				INFOPLIST_KEY_UIApplicationSceneManifest_Generation = YES;
				INFOPLIST_KEY_UIApplicationSupportsIndirectInputEvents = YES;
				INFOPLIST_KEY_UILaunchScreen_Generation = YES;
				INFOPLIST_KEY_UISupportedInterfaceOrientations_iPad = "UIInterfaceOrientationPortrait UIInterfaceOrientationPortraitUpsideDown UIInterfaceOrientationLandscapeLeft UIInterfaceOrientationLandscapeRight";
				INFOPLIST_KEY_UISupportedInterfaceOrientations_iPhone = "UIInterfaceOrientationPortrait UIInterfaceOrientationLandscapeLeft UIInterfaceOrientationLandscapeRight";
				LD_RUNPATH_SEARCH_PATHS = (
					"$(inherited)",
					"@executable_path/Frameworks",
				);
				MARKETING_VERSION = 1.0;
				PRODUCT_BUNDLE_IDENTIFIER = Serika.WordApp;
				PRODUCT_NAME = "$(TARGET_NAME)";
				SWIFT_EMIT_LOC_STRINGS = YES;
				SWIFT_VERSION = 5.0;
				TARGETED_DEVICE_FAMILY = "1,2";
			};
			name = Debug;
		};
		05DA6F992D8841D10072FD5C /* Release */ = {
			isa = XCBuildConfiguration;
			buildSettings = {
				ASSETCATALOG_COMPILER_APPICON_NAME = AppIcon;
				ASSETCATALOG_COMPILER_GLOBAL_ACCENT_COLOR_NAME = AccentColor;
				CODE_SIGN_STYLE = Automatic;
				CURRENT_PROJECT_VERSION = 1;
				DEVELOPMENT_ASSET_PATHS = "\"WordApp/Preview Content\"";
				DEVELOPMENT_TEAM = Z699T95YH7;
				ENABLE_PREVIEWS = YES;
				GENERATE_INFOPLIST_FILE = YES;
				INFOPLIST_KEY_UIApplicationSceneManifest_Generation = YES;
				INFOPLIST_KEY_UIApplicationSupportsIndirectInputEvents = YES;
				INFOPLIST_KEY_UILaunchScreen_Generation = YES;
				INFOPLIST_KEY_UISupportedInterfaceOrientations_iPad = "UIInterfaceOrientationPortrait UIInterfaceOrientationPortraitUpsideDown UIInterfaceOrientationLandscapeLeft UIInterfaceOrientationLandscapeRight";
				INFOPLIST_KEY_UISupportedInterfaceOrientations_iPhone = "UIInterfaceOrientationPortrait UIInterfaceOrientationLandscapeLeft UIInterfaceOrientationLandscapeRight";
				LD_RUNPATH_SEARCH_PATHS = (
					"$(inherited)",
					"@executable_path/Frameworks",
				);
				MARKETING_VERSION = 1.0;
				PRODUCT_BUNDLE_IDENTIFIER = Serika.WordApp;
				PRODUCT_NAME = "$(TARGET_NAME)";
				SWIFT_EMIT_LOC_STRINGS = YES;
				SWIFT_VERSION = 5.0;
				TARGETED_DEVICE_FAMILY = "1,2";
			};
			name = Release;
		};
		05DA6F9B2D8841D10072FD5C /* Debug */ = {
			isa = XCBuildConfiguration;
			buildSettings = {
				BUNDLE_LOADER = "$(TEST_HOST)";
				CODE_SIGN_STYLE = Automatic;
				CURRENT_PROJECT_VERSION = 1;
				DEVELOPMENT_TEAM = Z699T95YH7;
				GENERATE_INFOPLIST_FILE = YES;
				IPHONEOS_DEPLOYMENT_TARGET = 18.2;
				MARKETING_VERSION = 1.0;
				PRODUCT_BUNDLE_IDENTIFIER = Serika.WordAppTests;
				PRODUCT_NAME = "$(TARGET_NAME)";
				SWIFT_EMIT_LOC_STRINGS = NO;
				SWIFT_VERSION = 5.0;
				TARGETED_DEVICE_FAMILY = "1,2";
				TEST_HOST = "$(BUILT_PRODUCTS_DIR)/WordApp.app/$(BUNDLE_EXECUTABLE_FOLDER_PATH)/WordApp";
			};
			name = Debug;
		};
		05DA6F9C2D8841D10072FD5C /* Release */ = {
			isa = XCBuildConfiguration;
			buildSettings = {
				BUNDLE_LOADER = "$(TEST_HOST)";
				CODE_SIGN_STYLE = Automatic;
				CURRENT_PROJECT_VERSION = 1;
				DEVELOPMENT_TEAM = Z699T95YH7;
				GENERATE_INFOPLIST_FILE = YES;
				IPHONEOS_DEPLOYMENT_TARGET = 18.2;
				MARKETING_VERSION = 1.0;
				PRODUCT_BUNDLE_IDENTIFIER = Serika.WordAppTests;
				PRODUCT_NAME = "$(TARGET_NAME)";
				SWIFT_EMIT_LOC_STRINGS = NO;
				SWIFT_VERSION = 5.0;
				TARGETED_DEVICE_FAMILY = "1,2";
				TEST_HOST = "$(BUILT_PRODUCTS_DIR)/WordApp.app/$(BUNDLE_EXECUTABLE_FOLDER_PATH)/WordApp";
			};
			name = Release;
		};
		05DA6F9E2D8841D10072FD5C /* Debug */ = {
			isa = XCBuildConfiguration;
			buildSettings = {
				CODE_SIGN_STYLE = Automatic;
				CURRENT_PROJECT_VERSION = 1;
				DEVELOPMENT_TEAM = Z699T95YH7;
				GENERATE_INFOPLIST_FILE = YES;
				MARKETING_VERSION = 1.0;
				PRODUCT_BUNDLE_IDENTIFIER = Serika.WordAppUITests;
				PRODUCT_NAME = "$(TARGET_NAME)";
				SWIFT_EMIT_LOC_STRINGS = NO;
				SWIFT_VERSION = 5.0;
				TARGETED_DEVICE_FAMILY = "1,2";
				TEST_TARGET_NAME = WordApp;
			};
			name = Debug;
		};
		05DA6F9F2D8841D10072FD5C /* Release */ = {
			isa = XCBuildConfiguration;
			buildSettings = {
				CODE_SIGN_STYLE = Automatic;
				CURRENT_PROJECT_VERSION = 1;
				DEVELOPMENT_TEAM = Z699T95YH7;
				GENERATE_INFOPLIST_FILE = YES;
				MARKETING_VERSION = 1.0;
				PRODUCT_BUNDLE_IDENTIFIER = Serika.WordAppUITests;
				PRODUCT_NAME = "$(TARGET_NAME)";
				SWIFT_EMIT_LOC_STRINGS = NO;
				SWIFT_VERSION = 5.0;
				TARGETED_DEVICE_FAMILY = "1,2";
				TEST_TARGET_NAME = WordApp;
			};
			name = Release;
		};
/* End XCBuildConfiguration section */

/* Begin XCConfigurationList section */
		05DA6F6C2D8841D00072FD5C /* Build configuration list for PBXProject "WordApp" */ = {
			isa = XCConfigurationList;
			buildConfigurations = (
				05DA6F952D8841D10072FD5C /* Debug */,
				05DA6F962D8841D10072FD5C /* Release */,
			);
			defaultConfigurationIsVisible = 0;
			defaultConfigurationName = Release;
		};
		05DA6F972D8841D10072FD5C /* Build configuration list for PBXNativeTarget "WordApp" */ = {
			isa = XCConfigurationList;
			buildConfigurations = (
				05DA6F982D8841D10072FD5C /* Debug */,
				05DA6F992D8841D10072FD5C /* Release */,
			);
			defaultConfigurationIsVisible = 0;
			defaultConfigurationName = Release;
		};
		05DA6F9A2D8841D10072FD5C /* Build configuration list for PBXNativeTarget "WordAppTests" */ = {
			isa = XCConfigurationList;
			buildConfigurations = (
				05DA6F9B2D8841D10072FD5C /* Debug */,
				05DA6F9C2D8841D10072FD5C /* Release */,
			);
			defaultConfigurationIsVisible = 0;
			defaultConfigurationName = Release;
		};
		05DA6F9D2D8841D10072FD5C /* Build configuration list for PBXNativeTarget "WordAppUITests" */ = {
			isa = XCConfigurationList;
			buildConfigurations = (
				05DA6F9E2D8841D10072FD5C /* Debug */,
				05DA6F9F2D8841D10072FD5C /* Release */,
			);
			defaultConfigurationIsVisible = 0;
			defaultConfigurationName = Release;
		};
/* End XCConfigurationList section */
	};
	rootObject = 05DA6F692D8841D00072FD5C /* Project object */;
}
